
Microsoft Visual Studio Solution File, Format Version 12.00
# Visual Studio 15
VisualStudioVersion = 15.0.28010.2003
MinimumVisualStudioVersion = 10.0.40219.1
Project("{9A19103F-16F7-4668-BE54-9A1E7A4F7556}") = "Modelo.Application", "Modelo.Application\Modelo.Application.csproj", "{34794435-FEE5-4CD3-9EDF-5D55F4CD35FF}"
EndProject
Project("{2150E333-8FDC-42A3-9474-1A3956D46DE8}") = "1 - Application", "1 - Application", "{0D3BF80E-5A1A-4F9A-82E5-76B2182C4F6B}"
EndProject
Project("{2150E333-8FDC-42A3-9474-1A3956D46DE8}") = "2 - Domain", "2 - Domain", "{D11250B2-78AA-460B-A813-4C39E8AE7C94}"
EndProject
Project("{2150E333-8FDC-42A3-9474-1A3956D46DE8}") = "3 - Service", "3 - Service", "{DBAB1FBE-DE5D-44CE-ACE7-06D88F5E8D59}"
EndProject
Project("{2150E333-8FDC-42A3-9474-1A3956D46DE8}") = "4 -Infra", "4 -Infra", "{F9A7676F-D2C5-496C-9285-1EADBAE59A4B}"
EndProject
Project("{9A19103F-16F7-4668-BE54-9A1E7A4F7556}") = "Modelo.Domain", "Modelo.Domain\Modelo.Domain.csproj", "{99765792-BF4A-4B8D-8295-F36CF2052BE8}"
EndProject
Project("{9A19103F-16F7-4668-BE54-9A1E7A4F7556}") = "Modelo.Service", "Modelo.Service\Modelo.Service.csproj", "{CAC0D81A-2B57-45A6-BFE8-663CB35FF414}"
EndProject
Project("{9A19103F-16F7-4668-BE54-9A1E7A4F7556}") = "Modelo.Infra", "Modelo.Infra\Modelo.Infra.csproj", "{26FD6720-1B7E-49C8-B1EE-694794915A3A}"
EndProject
Project("{2150E333-8FDC-42A3-9474-1A3956D46DE8}") = "API", "API", "{BD775E2C-33D2-45E7-9C12-4060E910C1DD}"
EndProject
Project("{FAE04EC0-301F-11D3-BF4B-00C04F79EFBC}") = "Modelo.Identity", "Modelo.Identity\Modelo.Identity.csproj", "{8CF891C6-B63D-460C-BC08-AB36439E7E4B}"
EndProject
Project("{FAE04EC0-301F-11D3-BF4B-00C04F79EFBC}") = "Modelo.Integrations", "Modelo.Integrations\Modelo.Integrations.csproj", "{BBEF3BA3-4587-43E8-9C12-2A8D7E54204D}"
EndProject
Project("{FAE04EC0-301F-11D3-BF4B-00C04F79EFBC}") = "Modelo.IoC", "Modelo.IoC\Modelo.IoC.csproj", "{65323A70-8DA6-4937-AD20-BBC64DF982D4}"
EndProject
Global
	GlobalSection(SolutionConfigurationPlatforms) = preSolution
		Debug|Any CPU = Debug|Any CPU
		Release|Any CPU = Release|Any CPU
	EndGlobalSection
	GlobalSection(ProjectConfigurationPlatforms) = postSolution
		{34794435-FEE5-4CD3-9EDF-5D55F4CD35FF}.Debug|Any CPU.ActiveCfg = Debug|Any CPU
		{34794435-FEE5-4CD3-9EDF-5D55F4CD35FF}.Debug|Any CPU.Build.0 = Debug|Any CPU
		{34794435-FEE5-4CD3-9EDF-5D55F4CD35FF}.Release|Any CPU.ActiveCfg = Release|Any CPU
		{34794435-FEE5-4CD3-9EDF-5D55F4CD35FF}.Release|Any CPU.Build.0 = Release|Any CPU
		{99765792-BF4A-4B8D-8295-F36CF2052BE8}.Debug|Any CPU.ActiveCfg = Debug|Any CPU
		{99765792-BF4A-4B8D-8295-F36CF2052BE8}.Debug|Any CPU.Build.0 = Debug|Any CPU
		{99765792-BF4A-4B8D-8295-F36CF2052BE8}.Release|Any CPU.ActiveCfg = Release|Any CPU
		{99765792-BF4A-4B8D-8295-F36CF2052BE8}.Release|Any CPU.Build.0 = Release|Any CPU
		{CAC0D81A-2B57-45A6-BFE8-663CB35FF414}.Debug|Any CPU.ActiveCfg = Debug|Any CPU
		{CAC0D81A-2B57-45A6-BFE8-663CB35FF414}.Debug|Any CPU.Build.0 = Debug|Any CPU
		{CAC0D81A-2B57-45A6-BFE8-663CB35FF414}.Release|Any CPU.ActiveCfg = Release|Any CPU
		{CAC0D81A-2B57-45A6-BFE8-663CB35FF414}.Release|Any CPU.Build.0 = Release|Any CPU
		{26FD6720-1B7E-49C8-B1EE-694794915A3A}.Debug|Any CPU.ActiveCfg = Debug|Any CPU
		{26FD6720-1B7E-49C8-B1EE-694794915A3A}.Debug|Any CPU.Build.0 = Debug|Any CPU
		{26FD6720-1B7E-49C8-B1EE-694794915A3A}.Release|Any CPU.ActiveCfg = Release|Any CPU
		{26FD6720-1B7E-49C8-B1EE-694794915A3A}.Release|Any CPU.Build.0 = Release|Any CPU
		{8CF891C6-B63D-460C-BC08-AB36439E7E4B}.Debug|Any CPU.ActiveCfg = Debug|Any CPU
		{8CF891C6-B63D-460C-BC08-AB36439E7E4B}.Debug|Any CPU.Build.0 = Debug|Any CPU
		{8CF891C6-B63D-460C-BC08-AB36439E7E4B}.Release|Any CPU.ActiveCfg = Release|Any CPU
		{8CF891C6-B63D-460C-BC08-AB36439E7E4B}.Release|Any CPU.Build.0 = Release|Any CPU
		{BBEF3BA3-4587-43E8-9C12-2A8D7E54204D}.Debug|Any CPU.ActiveCfg = Debug|Any CPU
		{BBEF3BA3-4587-43E8-9C12-2A8D7E54204D}.Debug|Any CPU.Build.0 = Debug|Any CPU
		{BBEF3BA3-4587-43E8-9C12-2A8D7E54204D}.Release|Any CPU.ActiveCfg = Release|Any CPU
		{BBEF3BA3-4587-43E8-9C12-2A8D7E54204D}.Release|Any CPU.Build.0 = Release|Any CPU
		{65323A70-8DA6-4937-AD20-BBC64DF982D4}.Debug|Any CPU.ActiveCfg = Debug|Any CPU
		{65323A70-8DA6-4937-AD20-BBC64DF982D4}.Debug|Any CPU.Build.0 = Debug|Any CPU
		{65323A70-8DA6-4937-AD20-BBC64DF982D4}.Release|Any CPU.ActiveCfg = Release|Any CPU
		{65323A70-8DA6-4937-AD20-BBC64DF982D4}.Release|Any CPU.Build.0 = Release|Any CPU
	EndGlobalSection
	GlobalSection(SolutionProperties) = preSolution
		HideSolutionNode = FALSE
	EndGlobalSection
	GlobalSection(NestedProjects) = preSolution
		{34794435-FEE5-4CD3-9EDF-5D55F4CD35FF} = {BD775E2C-33D2-45E7-9C12-4060E910C1DD}
		{99765792-BF4A-4B8D-8295-F36CF2052BE8} = {D11250B2-78AA-460B-A813-4C39E8AE7C94}
		{CAC0D81A-2B57-45A6-BFE8-663CB35FF414} = {DBAB1FBE-DE5D-44CE-ACE7-06D88F5E8D59}
		{26FD6720-1B7E-49C8-B1EE-694794915A3A} = {F9A7676F-D2C5-496C-9285-1EADBAE59A4B}
		{BD775E2C-33D2-45E7-9C12-4060E910C1DD} = {0D3BF80E-5A1A-4F9A-82E5-76B2182C4F6B}
		{8CF891C6-B63D-460C-BC08-AB36439E7E4B} = {F9A7676F-D2C5-496C-9285-1EADBAE59A4B}
		{BBEF3BA3-4587-43E8-9C12-2A8D7E54204D} = {F9A7676F-D2C5-496C-9285-1EADBAE59A4B}
		{65323A70-8DA6-4937-AD20-BBC64DF982D4} = {F9A7676F-D2C5-496C-9285-1EADBAE59A4B}
	EndGlobalSection
	GlobalSection(ExtensibilityGlobals) = postSolution
		SolutionGuid = {E57303F4-555A-4FD9-A8D7-0F32C3A5CDB0}
	EndGlobalSection
EndGlobal
